
Microsoft Visual Studio Solution File, Format Version 12.00
# Visual Studio Version 17
VisualStudioVersion = 17.2.32505.173
MinimumVisualStudioVersion = 10.0.40219.1
Project("{9A19103F-16F7-4668-BE54-9A1E7A4F7556}") = "Algorithms", "Algorithms\Algorithms.csproj", "{3C76CFA1-1E37-4196-BB17-C32CACA10A8F}"
EndProject
Project("{9A19103F-16F7-4668-BE54-9A1E7A4F7556}") = "DataStructures", "DataStructures\DataStructures.csproj", "{A3F68646-CE07-4F97-A423-6F36B8B8E8D2}"
EndProject
Project("{9A19103F-16F7-4668-BE54-9A1E7A4F7556}") = "UI", "UI\UI.csproj", "{108037AF-C026-4E9A-AE1A-6E23A198C4BF}"
EndProject
Global
	GlobalSection(SolutionConfigurationPlatforms) = preSolution
		Debug|Any CPU = Debug|Any CPU
		Release|Any CPU = Release|Any CPU
	EndGlobalSection
	GlobalSection(ProjectConfigurationPlatforms) = postSolution
		{3C76CFA1-1E37-4196-BB17-C32CACA10A8F}.Debug|Any CPU.ActiveCfg = Debug|Any CPU
		{3C76CFA1-1E37-4196-BB17-C32CACA10A8F}.Debug|Any CPU.Build.0 = Debug|Any CPU
		{3C76CFA1-1E37-4196-BB17-C32CACA10A8F}.Release|Any CPU.ActiveCfg = Release|Any CPU
		{3C76CFA1-1E37-4196-BB17-C32CACA10A8F}.Release|Any CPU.Build.0 = Release|Any CPU
		{A3F68646-CE07-4F97-A423-6F36B8B8E8D2}.Debug|Any CPU.ActiveCfg = Debug|Any CPU
		{A3F68646-CE07-4F97-A423-6F36B8B8E8D2}.Debug|Any CPU.Build.0 = Debug|Any CPU
		{A3F68646-CE07-4F97-A423-6F36B8B8E8D2}.Release|Any CPU.ActiveCfg = Release|Any CPU
		{A3F68646-CE07-4F97-A423-6F36B8B8E8D2}.Release|Any CPU.Build.0 = Release|Any CPU
		{108037AF-C026-4E9A-AE1A-6E23A198C4BF}.Debug|Any CPU.ActiveCfg = Debug|Any CPU
		{108037AF-C026-4E9A-AE1A-6E23A198C4BF}.Debug|Any CPU.Build.0 = Debug|Any CPU
		{108037AF-C026-4E9A-AE1A-6E23A198C4BF}.Release|Any CPU.ActiveCfg = Release|Any CPU
		{108037AF-C026-4E9A-AE1A-6E23A198C4BF}.Release|Any CPU.Build.0 = Release|Any CPU
	EndGlobalSection
	GlobalSection(SolutionProperties) = preSolution
		HideSolutionNode = FALSE
	EndGlobalSection
	GlobalSection(ExtensibilityGlobals) = postSolution
		SolutionGuid = {2155273C-F47C-4A31-A3ED-E37684308134}
	EndGlobalSection
EndGlobal
